{
  "nodes": {
    "aura-plugins": {
      "inputs": {
        "flake-utils": "flake-utils",
        "nixpkgs": [
          "nixpkgs-stable"
        ],
        "nixpkgs-stable": [
          "nixpkgs-stable"
        ],
        "nixpkgs-unstable": [
          "nixpkgs-unstable"
        ]
      },
      "locked": {
        "narHash": "sha256-8yTlBgz6IJdB1Qw/k8voryx3ZJfsi2J84DuikBftcaY=",
        "path": "/home/minttea/codebases/dayvidpham/aura-plugins",
        "type": "path"
      },
      "original": {
        "path": "/home/minttea/codebases/dayvidpham/aura-plugins",
        "type": "path"
      }
    },
    "beads": {
      "inputs": {
        "flake-utils": "flake-utils_2",
        "nixpkgs": [
          "nixpkgs"
        ]
      },
      "locked": {
        "narHash": "sha256-GUd1VLL8lUIg4i7m+ZfyyruzCAPKpjZoMbckS6bB24w=",
        "path": "/home/minttea/codebases/beads",
        "type": "path"
      },
      "original": {
        "path": "/home/minttea/codebases/beads",
        "type": "path"
      }
    },
    "blueprint": {
      "inputs": {
        "nixpkgs": [
          "llm-agents",
          "nixpkgs"
        ],
        "systems": "systems_3"
      },
      "locked": {
        "lastModified": 1771437256,
        "narHash": "sha256-bLqwib+rtyBRRVBWhMuBXPCL/OThfokA+j6+uH7jDGU=",
        "owner": "numtide",
        "repo": "blueprint",
        "rev": "06ee7190dc2620ea98af9eb225aa9627b68b0e33",
        "type": "github"
      },
      "original": {
        "owner": "numtide",
        "repo": "blueprint",
        "type": "github"
      }
    },
    "credential-proxy": {
      "inputs": {
        "nixpkgs": [
          "openclaw-modules",
          "nixpkgs"
        ]
      },
      "locked": {
        "path": "./credential-proxy",
        "type": "path"
      },
      "original": {
        "path": "./credential-proxy",
        "type": "path"
      },
      "parent": [
        "openclaw-modules"
      ]
    },
    "determinate-nix": {
      "inputs": {
        "flake-parts": "flake-parts",
        "git-hooks-nix": "git-hooks-nix",
        "nixpkgs": "nixpkgs",
        "nixpkgs-23-11": "nixpkgs-23-11",
        "nixpkgs-regression": "nixpkgs-regression"
      },
      "locked": {
        "lastModified": 1771906938,
        "narHash": "sha256-yMI4VhuahG1027I+x/xy0F5FUM7ntwB/hDouCmpwEb8=",
        "rev": "628d55ca372a6d9eb071804b589aaa8a6974807d",
        "revCount": 24688,
        "type": "tarball",
        "url": "https://api.flakehub.com/f/pinned/DeterminateSystems/nix-src/3.16.3/019c8e13-4542-7edc-9244-38a597d18258/source.tar.gz"
      },
      "original": {
        "type": "tarball",
        "url": "https://flakehub.com/f/DeterminateSystems/nix-src/%2A"
      }
    },
    "determinate-nixd": {
      "inputs": {
        "determinate-nixd-aarch64-darwin": "determinate-nixd-aarch64-darwin",
        "determinate-nixd-aarch64-linux": "determinate-nixd-aarch64-linux",
        "determinate-nixd-x86_64-linux": "determinate-nixd-x86_64-linux",
        "nix": "nix",
        "nixpkgs": "nixpkgs_3"
      },
      "locked": {
        "lastModified": 1771910357,
        "narHash": "sha256-ns+2FDFS2BUbT1CshCF0hLYyYR2BiTOQqCMHDoGFXUo=",
        "rev": "b0833008a670c5d1ad2d1afbd711c1bf101f5296",
        "revCount": 405,
        "type": "tarball",
        "url": "https://api.flakehub.com/f/pinned/DeterminateSystems/determinate/3.16.3/019c8e19-e7a4-7fe4-ad79-b4b5feefd24a/source.tar.gz"
      },
      "original": {
        "type": "tarball",
        "url": "https://flakehub.com/f/DeterminateSystems/determinate/%2A"
      }
    },
    "determinate-nixd-aarch64-darwin": {
      "flake": false,
      "locked": {
        "narHash": "sha256-NK3YCWCmz9WYQtXTg5/VYNo+KrV/7P5rBYqVhkzWEv8=",
        "type": "file",
        "url": "https://install.determinate.systems/determinate-nixd/tag/v3.16.3/macOS"
      },
      "original": {
        "type": "file",
        "url": "https://install.determinate.systems/determinate-nixd/tag/v3.16.3/macOS"
      }
    },
    "determinate-nixd-aarch64-linux": {
      "flake": false,
      "locked": {
        "narHash": "sha256-RtiD/ualuvKSZH04G5KpBd2D4tcr5pv//cU+CGnByKs=",
        "type": "file",
        "url": "https://install.determinate.systems/determinate-nixd/tag/v3.16.3/aarch64-linux"
      },
      "original": {
        "type": "file",
        "url": "https://install.determinate.systems/determinate-nixd/tag/v3.16.3/aarch64-linux"
      }
    },
    "determinate-nixd-x86_64-linux": {
      "flake": false,
      "locked": {
        "narHash": "sha256-XDzjUdfsnWtANfAzd8GpLkuch1+3rHDGD2uKN93Fw6M=",
        "type": "file",
        "url": "https://install.determinate.systems/determinate-nixd/tag/v3.16.3/x86_64-linux"
      },
      "original": {
        "type": "file",
        "url": "https://install.determinate.systems/determinate-nixd/tag/v3.16.3/x86_64-linux"
      }
    },
    "flake-compat": {
      "flake": false,
      "locked": {
        "lastModified": 1696426674,
        "narHash": "sha256-kvjfFW7WAETZlt09AgDn1MrtKzP7t90Vf7vypd3OL1U=",
        "owner": "edolstra",
        "repo": "flake-compat",
        "rev": "0f9255e01c2351cc7d116c072cb317785dd33b33",
        "type": "github"
      },
      "original": {
        "owner": "edolstra",
        "repo": "flake-compat",
        "type": "github"
      }
    },
    "flake-compat_2": {
      "flake": false,
      "locked": {
        "lastModified": 1696426674,
        "narHash": "sha256-kvjfFW7WAETZlt09AgDn1MrtKzP7t90Vf7vypd3OL1U=",
        "owner": "edolstra",
        "repo": "flake-compat",
        "rev": "0f9255e01c2351cc7d116c072cb317785dd33b33",
        "type": "github"
      },
      "original": {
        "owner": "edolstra",
        "repo": "flake-compat",
        "type": "github"
      }
    },
    "flake-compat_3": {
      "flake": false,
      "locked": {
        "lastModified": 1767039857,
        "narHash": "sha256-vNpUSpF5Nuw8xvDLj2KCwwksIbjua2LZCqhV1LNRDns=",
        "owner": "edolstra",
        "repo": "flake-compat",
        "rev": "5edf11c44bc78a0d334f6334cdaf7d60d732daab",
        "type": "github"
      },
      "original": {
        "owner": "edolstra",
        "repo": "flake-compat",
        "type": "github"
      }
    },
    "flake-parts": {
      "inputs": {
        "nixpkgs-lib": [
          "determinate-nix",
          "nixpkgs"
        ]
      },
      "locked": {
        "lastModified": 1748821116,
        "narHash": "sha256-F82+gS044J1APL0n4hH50GYdPRv/5JWm34oCJYmVKdE=",
        "rev": "49f0870db23e8c1ca0b5259734a02cd9e1e371a1",
        "revCount": 377,
        "type": "tarball",
        "url": "https://api.flakehub.com/f/pinned/hercules-ci/flake-parts/0.1.377%2Brev-49f0870db23e8c1ca0b5259734a02cd9e1e371a1/01972f28-554a-73f8-91f4-d488cc502f08/source.tar.gz"
      },
      "original": {
        "type": "tarball",
        "url": "https://flakehub.com/f/hercules-ci/flake-parts/0.1"
      }
    },
    "flake-parts_2": {
      "inputs": {
        "nixpkgs-lib": [
          "determinate-nixd",
          "nix",
          "nixpkgs"
        ]
      },
      "locked": {
        "lastModified": 1748821116,
        "narHash": "sha256-F82+gS044J1APL0n4hH50GYdPRv/5JWm34oCJYmVKdE=",
        "rev": "49f0870db23e8c1ca0b5259734a02cd9e1e371a1",
        "revCount": 377,
        "type": "tarball",
        "url": "https://api.flakehub.com/f/pinned/hercules-ci/flake-parts/0.1.377%2Brev-49f0870db23e8c1ca0b5259734a02cd9e1e371a1/01972f28-554a-73f8-91f4-d488cc502f08/source.tar.gz"
      },
      "original": {
        "type": "tarball",
        "url": "https://flakehub.com/f/hercules-ci/flake-parts/0.1"
      }
    },
    "flake-registry": {
      "flake": false,
      "locked": {
        "lastModified": 1763556067,
        "narHash": "sha256-q2jzJQdsJMpD3dbuNphQJgwx6XeGPonWOp43U0nY7o0=",
        "owner": "nixos",
        "repo": "flake-registry",
        "rev": "cb70c9306b44501de412649c356dee503a25f119",
        "type": "github"
      },
      "original": {
        "owner": "nixos",
        "repo": "flake-registry",
        "type": "github"
      }
    },
    "flake-utils": {
      "inputs": {
        "systems": "systems"
      },
      "locked": {
        "lastModified": 1731533236,
        "narHash": "sha256-l0KFg5HjrsfsO/JpG+r7fRrqm12kzFHyUHqHCVpMMbI=",
        "owner": "numtide",
        "repo": "flake-utils",
        "rev": "11707dc2f618dd54ca8739b309ec4fc024de578b",
        "type": "github"
      },
      "original": {
        "owner": "numtide",
        "repo": "flake-utils",
        "type": "github"
      }
    },
    "flake-utils_2": {
      "inputs": {
        "systems": "systems_2"
      },
      "locked": {
        "lastModified": 1731533236,
        "narHash": "sha256-l0KFg5HjrsfsO/JpG+r7fRrqm12kzFHyUHqHCVpMMbI=",
        "owner": "numtide",
        "repo": "flake-utils",
        "rev": "11707dc2f618dd54ca8739b309ec4fc024de578b",
        "type": "github"
      },
      "original": {
        "owner": "numtide",
        "repo": "flake-utils",
        "type": "github"
      }
    },
    "flake-utils_3": {
      "inputs": {
        "systems": "systems_4"
      },
      "locked": {
        "lastModified": 1731533236,
        "narHash": "sha256-l0KFg5HjrsfsO/JpG+r7fRrqm12kzFHyUHqHCVpMMbI=",
        "owner": "numtide",
        "repo": "flake-utils",
        "rev": "11707dc2f618dd54ca8739b309ec4fc024de578b",
        "type": "github"
      },
      "original": {
        "owner": "numtide",
        "repo": "flake-utils",
        "type": "github"
      }
    },
    "flake-utils_4": {
      "inputs": {
        "systems": "systems_5"
      },
      "locked": {
        "lastModified": 1731533236,
        "narHash": "sha256-l0KFg5HjrsfsO/JpG+r7fRrqm12kzFHyUHqHCVpMMbI=",
        "owner": "numtide",
        "repo": "flake-utils",
        "rev": "11707dc2f618dd54ca8739b309ec4fc024de578b",
        "type": "github"
      },
      "original": {
        "owner": "numtide",
        "repo": "flake-utils",
        "type": "github"
      }
    },
    "git-hooks-nix": {
      "inputs": {
        "flake-compat": "flake-compat",
        "gitignore": [
          "determinate-nix"
        ],
        "nixpkgs": [
          "determinate-nix",
          "nixpkgs"
        ]
      },
      "locked": {
        "lastModified": 1747372754,
        "narHash": "sha256-2Y53NGIX2vxfie1rOW0Qb86vjRZ7ngizoo+bnXU9D9k=",
        "rev": "80479b6ec16fefd9c1db3ea13aeb038c60530f46",
        "revCount": 1026,
        "type": "tarball",
        "url": "https://api.flakehub.com/f/pinned/cachix/git-hooks.nix/0.1.1026%2Brev-80479b6ec16fefd9c1db3ea13aeb038c60530f46/0196d79a-1b35-7b8e-a021-c894fb62163d/source.tar.gz"
      },
      "original": {
        "type": "tarball",
        "url": "https://flakehub.com/f/cachix/git-hooks.nix/0.1.941"
      }
    },
    "git-hooks-nix_2": {
      "inputs": {
        "flake-compat": "flake-compat_2",
        "gitignore": [
          "determinate-nixd",
          "nix"
        ],
        "nixpkgs": [
          "determinate-nixd",
          "nix",
          "nixpkgs"
        ]
      },
      "locked": {
        "lastModified": 1747372754,
        "narHash": "sha256-2Y53NGIX2vxfie1rOW0Qb86vjRZ7ngizoo+bnXU9D9k=",
        "rev": "80479b6ec16fefd9c1db3ea13aeb038c60530f46",
        "revCount": 1026,
        "type": "tarball",
        "url": "https://api.flakehub.com/f/pinned/cachix/git-hooks.nix/0.1.1026%2Brev-80479b6ec16fefd9c1db3ea13aeb038c60530f46/0196d79a-1b35-7b8e-a021-c894fb62163d/source.tar.gz"
      },
      "original": {
        "type": "tarball",
        "url": "https://flakehub.com/f/cachix/git-hooks.nix/0.1.941"
      }
    },
    "home-manager": {
      "inputs": {
        "nixpkgs": [
          "nixpkgs"
        ]
      },
      "locked": {
        "lastModified": 1772380125,
        "narHash": "sha256-8C+y46xA9bxcchj9GeDPJaRUDApaA3sy2fhJr1bTbUw=",
        "owner": "nix-community",
        "repo": "home-manager",
        "rev": "a07a44a839eb036e950bf397d9b782916f8dcab3",
        "type": "github"
      },
      "original": {
        "owner": "nix-community",
        "ref": "release-25.11",
        "repo": "home-manager",
        "type": "github"
      }
    },
    "home-manager-wsl": {
      "inputs": {
        "nixpkgs": [
          "nixpkgs-wsl"
        ]
      },
      "locked": {
        "lastModified": 1747688870,
        "narHash": "sha256-ypL9WAZfmJr5V70jEVzqGjjQzF0uCkz+AFQF7n9NmNc=",
        "owner": "nix-community",
        "repo": "home-manager",
        "rev": "d5f1f641b289553927b3801580598d200a501863",
        "type": "github"
      },
      "original": {
        "owner": "nix-community",
        "ref": "release-24.11",
        "repo": "home-manager",
        "type": "github"
      }
    },
    "home-manager_2": {
      "inputs": {
        "nixpkgs": [
          "nix-openclaw",
          "nixpkgs"
        ]
      },
      "locked": {
        "lastModified": 1767909183,
        "narHash": "sha256-u/bcU0xePi5bgNoRsiqSIwaGBwDilKKFTz3g0hqOBAo=",
        "owner": "nix-community",
        "repo": "home-manager",
        "rev": "cd6e96d56ed4b2a779ac73a1227e0bb1519b3509",
        "type": "github"
      },
      "original": {
        "owner": "nix-community",
        "repo": "home-manager",
        "type": "github"
      }
    },
    "home-manager_3": {
      "inputs": {
        "nixpkgs": [
          "openclaw-modules",
          "nix-openclaw",
          "nixpkgs"
        ]
      },
      "locked": {
        "lastModified": 1767909183,
        "narHash": "sha256-u/bcU0xePi5bgNoRsiqSIwaGBwDilKKFTz3g0hqOBAo=",
        "owner": "nix-community",
        "repo": "home-manager",
        "rev": "cd6e96d56ed4b2a779ac73a1227e0bb1519b3509",
        "type": "github"
      },
      "original": {
        "owner": "nix-community",
        "repo": "home-manager",
        "type": "github"
      }
    },
    "llm-agents": {
      "inputs": {
        "blueprint": "blueprint",
        "nixpkgs": [
          "nixpkgs"
        ],
        "treefmt-nix": "treefmt-nix"
      },
      "locked": {
        "lastModified": 1772374548,
        "narHash": "sha256-bGW4bjkmiJObX8fFzeRNDI0Fp3LASsVb1yPfLtSFnDU=",
        "owner": "numtide",
        "repo": "llm-agents.nix",
        "rev": "672c0a4dbd75152ac4ec3039dc617e7f3d7041c7",
        "type": "github"
      },
      "original": {
        "owner": "numtide",
        "repo": "llm-agents.nix",
        "type": "github"
      }
    },
    "microvm": {
      "inputs": {
        "nixpkgs": [
          "nixpkgs"
        ],
        "spectrum": "spectrum"
      },
      "locked": {
        "lastModified": 1772338235,
        "narHash": "sha256-9XcwtSIL/c+pkC3SBNuxCJuSktFOBV1TLvvkhekyB8I=",
        "owner": "astro",
        "repo": "microvm.nix",
        "rev": "9d1ff9b53532908a5eba7707931c9093508b6b92",
        "type": "github"
      },
      "original": {
        "owner": "astro",
        "repo": "microvm.nix",
        "type": "github"
      }
    },
    "microvm_2": {
      "inputs": {
        "nixpkgs": [
          "openclaw-modules",
          "nixpkgs"
        ],
        "spectrum": "spectrum_2"
      },
      "locked": {
        "lastModified": 1770310890,
        "narHash": "sha256-lyWAs4XKg3kLYaf4gm5qc5WJrDkYy3/qeV5G733fJww=",
        "owner": "astro",
        "repo": "microvm.nix",
        "rev": "68c9f9c6ca91841f04f726a298c385411b7bfcd5",
        "type": "github"
      },
      "original": {
        "owner": "astro",
        "repo": "microvm.nix",
        "type": "github"
      }
    },
    "niri": {
      "inputs": {
        "niri-stable": "niri-stable",
        "niri-unstable": "niri-unstable",
        "nixpkgs": [
          "nixpkgs-stable"
        ],
        "nixpkgs-stable": [
          "nixpkgs-stable"
        ],
        "xwayland-satellite-stable": "xwayland-satellite-stable",
        "xwayland-satellite-unstable": "xwayland-satellite-unstable"
      },
      "locked": {
        "lastModified": 1772320432,
        "narHash": "sha256-d6Wm7/+6iNtgdcp6mxayEBhjWisi1aj84Ob7VyEAW9Y=",
        "owner": "sodiboo",
        "repo": "niri-flake",
        "rev": "557374f9cd3649ab27b2621ae8117bec59969645",
        "type": "github"
      },
      "original": {
        "owner": "sodiboo",
        "repo": "niri-flake",
        "type": "github"
      }
    },
    "niri-stable": {
      "flake": false,
      "locked": {
        "lastModified": 1756556321,
        "narHash": "sha256-RLD89dfjN0RVO86C/Mot0T7aduCygPGaYbog566F0Qo=",
        "owner": "YaLTeR",
        "repo": "niri",
        "rev": "01be0e65f4eb91a9cd624ac0b76aaeab765c7294",
        "type": "github"
      },
      "original": {
        "owner": "YaLTeR",
        "ref": "v25.08",
        "repo": "niri",
        "type": "github"
      }
    },
    "niri-unstable": {
      "flake": false,
      "locked": {
        "lastModified": 1772207631,
        "narHash": "sha256-Jkkg+KqshFO3CbTszVVpkKN2AOObYz+wMsM3ONo1z5g=",
        "owner": "YaLTeR",
        "repo": "niri",
        "rev": "e708f546153f74acf33eb183b3b2992587a701e5",
        "type": "github"
      },
      "original": {
        "owner": "YaLTeR",
        "repo": "niri",
        "type": "github"
      }
    },
    "nix": {
      "inputs": {
        "flake-parts": "flake-parts_2",
        "git-hooks-nix": "git-hooks-nix_2",
        "nixpkgs": "nixpkgs_2",
        "nixpkgs-23-11": "nixpkgs-23-11_2",
        "nixpkgs-regression": "nixpkgs-regression_2"
      },
      "locked": {
        "lastModified": 1771906938,
        "narHash": "sha256-yMI4VhuahG1027I+x/xy0F5FUM7ntwB/hDouCmpwEb8=",
        "rev": "628d55ca372a6d9eb071804b589aaa8a6974807d",
        "revCount": 24688,
        "type": "tarball",
        "url": "https://api.flakehub.com/f/pinned/DeterminateSystems/nix-src/3.16.3/019c8e13-4542-7edc-9244-38a597d18258/source.tar.gz"
      },
      "original": {
        "type": "tarball",
        "url": "https://flakehub.com/f/DeterminateSystems/nix-src/%2A"
      }
    },
    "nix-openclaw": {
      "inputs": {
        "flake-utils": "flake-utils_3",
        "home-manager": "home-manager_2",
        "nix-steipete-tools": "nix-steipete-tools",
        "nixpkgs": [
          "nixpkgs"
        ]
      },
      "locked": {
        "lastModified": 1772408211,
        "narHash": "sha256-TBctmbjH0aYGhAUZJl0is+g5NaJetW/iwo4VC9s0WVo=",
        "owner": "openclaw",
        "repo": "nix-openclaw",
        "rev": "d3a67150f7096d7d55a6a2ef5dad3188a954ac30",
        "type": "github"
      },
      "original": {
        "owner": "openclaw",
        "repo": "nix-openclaw",
        "type": "github"
      }
    },
    "nix-openclaw_2": {
      "inputs": {
        "flake-utils": "flake-utils_4",
        "home-manager": "home-manager_3",
        "nix-steipete-tools": "nix-steipete-tools_2",
        "nixpkgs": [
          "openclaw-modules",
          "nixpkgs"
        ]
      },
      "locked": {
        "lastModified": 1771308601,
        "narHash": "sha256-82YPpszwokwSIQsO7TpaQb9/tbSrpogVn8sSpJ+G4RE=",
        "owner": "openclaw",
        "repo": "nix-openclaw",
        "rev": "63046dd7635546fc5a3bb6efdaf1efc7bc61895f",
        "type": "github"
      },
      "original": {
        "owner": "openclaw",
        "repo": "nix-openclaw",
        "type": "github"
      }
    },
    "nix-steipete-tools": {
      "inputs": {
        "nixpkgs": "nixpkgs_4"
      },
      "locked": {
        "lastModified": 1772109967,
        "narHash": "sha256-0oWZtmVJcI7Mc6nAXf7XM4FHLJv+H1X/8Gh31uJCyJ0=",
        "owner": "openclaw",
        "repo": "nix-steipete-tools",
        "rev": "2b97c49e03657af1574aee5a34f57b38fba90035",
        "type": "github"
      },
      "original": {
        "owner": "openclaw",
        "repo": "nix-steipete-tools",
        "type": "github"
      }
    },
    "nix-steipete-tools_2": {
      "inputs": {
        "nixpkgs": "nixpkgs_7"
      },
      "locked": {
        "lastModified": 1771225034,
        "narHash": "sha256-wBQWNm+m5532KFZPz4q41NVGP7Ixak8X2vqFggNoSOY=",
        "owner": "openclaw",
        "repo": "nix-steipete-tools",
        "rev": "b668498d7d2e8e7d5bc74133fb82f5cd48288ac4",
        "type": "github"
      },
      "original": {
        "owner": "openclaw",
        "repo": "nix-steipete-tools",
        "type": "github"
      }
    },
    "nixos-wsl": {
      "inputs": {
        "flake-compat": "flake-compat_3",
        "nixpkgs": "nixpkgs_5"
      },
      "locked": {
        "lastModified": 1772386632,
        "narHash": "sha256-sm6OpWZuoDwR53KNlsY482YOoHFWlWYwt0wHmqLkRGE=",
        "owner": "nix-community",
        "repo": "NixOS-WSL",
        "rev": "be894604b2aa2184c0b3d3b44995acd0da14dc0c",
        "type": "github"
      },
      "original": {
        "owner": "nix-community",
        "ref": "main",
        "repo": "NixOS-WSL",
        "type": "github"
      }
    },
    "nixpkgs": {
      "locked": {
        "lastModified": 1761597516,
        "narHash": "sha256-wxX7u6D2rpkJLWkZ2E932SIvDJW8+ON/0Yy8+a5vsDU=",
        "rev": "daf6dc47aa4b44791372d6139ab7b25269184d55",
        "revCount": 811874,
        "type": "tarball",
        "url": "https://api.flakehub.com/f/pinned/NixOS/nixpkgs/0.2505.811874%2Brev-daf6dc47aa4b44791372d6139ab7b25269184d55/019a3494-3498-707e-9086-1fb81badc7fe/source.tar.gz"
      },
      "original": {
        "type": "tarball",
        "url": "https://flakehub.com/f/NixOS/nixpkgs/0.2505"
      }
    },
    "nixpkgs-23-11": {
      "locked": {
        "lastModified": 1717159533,
        "narHash": "sha256-oamiKNfr2MS6yH64rUn99mIZjc45nGJlj9eGth/3Xuw=",
        "owner": "NixOS",
        "repo": "nixpkgs",
        "rev": "a62e6edd6d5e1fa0329b8653c801147986f8d446",
        "type": "github"
      },
      "original": {
        "owner": "NixOS",
        "repo": "nixpkgs",
        "rev": "a62e6edd6d5e1fa0329b8653c801147986f8d446",
        "type": "github"
      }
    },
    "nixpkgs-23-11_2": {
      "locked": {
        "lastModified": 1717159533,
        "narHash": "sha256-oamiKNfr2MS6yH64rUn99mIZjc45nGJlj9eGth/3Xuw=",
        "owner": "NixOS",
        "repo": "nixpkgs",
        "rev": "a62e6edd6d5e1fa0329b8653c801147986f8d446",
        "type": "github"
      },
      "original": {
        "owner": "NixOS",
        "repo": "nixpkgs",
        "rev": "a62e6edd6d5e1fa0329b8653c801147986f8d446",
        "type": "github"
      }
    },
    "nixpkgs-regression": {
      "locked": {
        "lastModified": 1643052045,
        "narHash": "sha256-uGJ0VXIhWKGXxkeNnq4TvV3CIOkUJ3PAoLZ3HMzNVMw=",
        "owner": "NixOS",
        "repo": "nixpkgs",
        "rev": "215d4d0fd80ca5163643b03a33fde804a29cc1e2",
        "type": "github"
      },
      "original": {
        "owner": "NixOS",
        "repo": "nixpkgs",
        "rev": "215d4d0fd80ca5163643b03a33fde804a29cc1e2",
        "type": "github"
      }
    },
    "nixpkgs-regression_2": {
      "locked": {
        "lastModified": 1643052045,
        "narHash": "sha256-uGJ0VXIhWKGXxkeNnq4TvV3CIOkUJ3PAoLZ3HMzNVMw=",
        "owner": "NixOS",
        "repo": "nixpkgs",
        "rev": "215d4d0fd80ca5163643b03a33fde804a29cc1e2",
        "type": "github"
      },
      "original": {
        "owner": "NixOS",
        "repo": "nixpkgs",
        "rev": "215d4d0fd80ca5163643b03a33fde804a29cc1e2",
        "type": "github"
      }
    },
    "nixpkgs-stable": {
      "locked": {
        "lastModified": 1772047000,
        "narHash": "sha256-7DaQVv4R97cii/Qdfy4tmDZMB2xxtyIvNGSwXBBhSmo=",
        "owner": "NixOS",
        "repo": "nixpkgs",
        "rev": "1267bb4920d0fc06ea916734c11b0bf004bbe17e",
        "type": "github"
      },
      "original": {
        "owner": "NixOS",
        "ref": "nixos-25.11",
        "repo": "nixpkgs",
        "type": "github"
      }
    },
    "nixpkgs-unstable": {
      "locked": {
        "lastModified": 1772198003,
        "narHash": "sha256-I45esRSssFtJ8p/gLHUZ1OUaaTaVLluNkABkk6arQwE=",
        "owner": "NixOS",
        "repo": "nixpkgs",
        "rev": "dd9b079222d43e1943b6ebd802f04fd959dc8e61",
        "type": "github"
      },
      "original": {
        "owner": "NixOS",
        "ref": "nixos-unstable",
        "repo": "nixpkgs",
        "type": "github"
      }
    },
    "nixpkgs-wsl": {
      "locked": {
        "lastModified": 1751274312,
        "narHash": "sha256-/bVBlRpECLVzjV19t5KMdMFWSwKLtb5RyXdjz3LJT+g=",
        "owner": "NixOS",
        "repo": "nixpkgs",
        "rev": "50ab793786d9de88ee30ec4e4c24fb4236fc2674",
        "type": "github"
      },
      "original": {
        "owner": "NixOS",
        "ref": "nixos-24.11",
        "repo": "nixpkgs",
        "type": "github"
      }
    },
    "nixpkgs_2": {
      "locked": {
        "lastModified": 1761597516,
        "narHash": "sha256-wxX7u6D2rpkJLWkZ2E932SIvDJW8+ON/0Yy8+a5vsDU=",
        "rev": "daf6dc47aa4b44791372d6139ab7b25269184d55",
        "revCount": 811874,
        "type": "tarball",
        "url": "https://api.flakehub.com/f/pinned/NixOS/nixpkgs/0.2505.811874%2Brev-daf6dc47aa4b44791372d6139ab7b25269184d55/019a3494-3498-707e-9086-1fb81badc7fe/source.tar.gz"
      },
      "original": {
        "type": "tarball",
        "url": "https://flakehub.com/f/NixOS/nixpkgs/0.2505"
      }
    },
    "nixpkgs_3": {
      "locked": {
        "lastModified": 1771177547,
        "narHash": "sha256-trTtk3WTOHz7hSw89xIIvahkgoFJYQ0G43IlqprFoMA=",
        "rev": "ac055f38c798b0d87695240c7b761b82fc7e5bc2",
        "revCount": 946843,
        "type": "tarball",
        "url": "https://api.flakehub.com/f/pinned/DeterminateSystems/nixpkgs-weekly/0.1.946843%2Brev-ac055f38c798b0d87695240c7b761b82fc7e5bc2/019c6a25-fd20-733f-936e-6487e2957fe4/source.tar.gz"
      },
      "original": {
        "type": "tarball",
        "url": "https://flakehub.com/f/DeterminateSystems/nixpkgs-weekly/0.1"
      }
    },
    "nixpkgs_4": {
      "locked": {
        "lastModified": 1767364772,
        "narHash": "sha256-fFUnEYMla8b7UKjijLnMe+oVFOz6HjijGGNS1l7dYaQ=",
        "owner": "NixOS",
        "repo": "nixpkgs",
        "rev": "16c7794d0a28b5a37904d55bcca36003b9109aaa",
        "type": "github"
      },
      "original": {
        "owner": "NixOS",
        "ref": "nixpkgs-unstable",
        "repo": "nixpkgs",
        "type": "github"
      }
    },
    "nixpkgs_5": {
      "locked": {
        "lastModified": 1770019141,
        "narHash": "sha256-VKS4ZLNx4PNrABoB0L8KUpc1fE7CLpQXQs985tGfaCU=",
        "owner": "NixOS",
        "repo": "nixpkgs",
        "rev": "cb369ef2efd432b3cdf8622b0ffc0a97a02f3137",
        "type": "github"
      },
      "original": {
        "owner": "NixOS",
        "ref": "nixos-unstable",
        "repo": "nixpkgs",
        "type": "github"
      }
    },
    "nixpkgs_6": {
      "locked": {
        "lastModified": 1772047000,
        "narHash": "sha256-7DaQVv4R97cii/Qdfy4tmDZMB2xxtyIvNGSwXBBhSmo=",
        "owner": "NixOS",
        "repo": "nixpkgs",
        "rev": "1267bb4920d0fc06ea916734c11b0bf004bbe17e",
        "type": "github"
      },
      "original": {
        "owner": "NixOS",
        "ref": "nixos-25.11",
        "repo": "nixpkgs",
        "type": "github"
      }
    },
    "nixpkgs_7": {
      "locked": {
        "lastModified": 1767364772,
        "narHash": "sha256-fFUnEYMla8b7UKjijLnMe+oVFOz6HjijGGNS1l7dYaQ=",
        "owner": "NixOS",
        "repo": "nixpkgs",
        "rev": "16c7794d0a28b5a37904d55bcca36003b9109aaa",
        "type": "github"
      },
      "original": {
        "owner": "NixOS",
        "ref": "nixpkgs-unstable",
        "repo": "nixpkgs",
        "type": "github"
      }
    },
    "openclaw-modules": {
      "inputs": {
        "credential-proxy": "credential-proxy",
        "microvm": "microvm_2",
        "nix-openclaw": "nix-openclaw_2",
        "nixpkgs": [
          "nixpkgs"
        ],
        "opencode": "opencode"
      },
      "locked": {
        "lastModified": 1771433924,
        "narHash": "sha256-dZLFkcnk4m81fSnGE73fMbbVZxEVTviDJqx3bHccQbI=",
        "owner": "dayvidpham",
        "repo": "nix-openclaw-vm",
        "rev": "7ba1d0ed1b2f270ce6a2d20eeb80ab38bb2be99e",
        "type": "github"
      },
      "original": {
        "owner": "dayvidpham",
        "ref": "develop",
        "repo": "nix-openclaw-vm",
        "type": "github"
      }
    },
    "opencode": {
      "inputs": {
        "nixpkgs": [
          "openclaw-modules",
          "nixpkgs"
        ]
      },
      "locked": {
        "lastModified": 1772392676,
        "narHash": "sha256-zBeqexmE6aeNH8yWJyQrQpL8NFTlpp2Fv7FUrEXXsis=",
        "owner": "anomalyco",
        "repo": "opencode",
        "rev": "d1938a472d58dedf27ca4afc4973a709ce5424f3",
        "type": "github"
      },
      "original": {
        "owner": "anomalyco",
        "repo": "opencode",
        "type": "github"
      }
    },
    "root": {
      "inputs": {
        "aura-plugins": "aura-plugins",
        "beads": "beads",
        "determinate-nix": "determinate-nix",
        "determinate-nixd": "determinate-nixd",
        "flake-registry": "flake-registry",
        "home-manager": "home-manager",
        "home-manager-wsl": "home-manager-wsl",
        "llm-agents": "llm-agents",
        "microvm": "microvm",
        "niri": "niri",
        "nix-openclaw": "nix-openclaw",
        "nixos-wsl": "nixos-wsl",
        "nixpkgs": "nixpkgs_6",
        "nixpkgs-stable": "nixpkgs-stable",
        "nixpkgs-unstable": "nixpkgs-unstable",
        "nixpkgs-wsl": "nixpkgs-wsl",
        "openclaw-modules": "openclaw-modules",
        "sops-nix": "sops-nix"
      }
    },
    "sops-nix": {
      "inputs": {
        "nixpkgs": [
          "nixpkgs"
        ]
      },
      "locked": {
        "lastModified": 1772401007,
        "narHash": "sha256-YHykQg0h9hrlZGpMcywnaFzQ1Kn/5YNCCOSaaAl6z7Q=",
        "owner": "Mic92",
        "repo": "sops-nix",
        "rev": "d8be5ea4cd3bc363492ab5bc6e874ccdc5465fe4",
        "type": "github"
      },
      "original": {
        "owner": "Mic92",
        "repo": "sops-nix",
        "type": "github"
      }
    },
    "spectrum": {
      "flake": false,
      "locked": {
        "lastModified": 1759482047,
        "narHash": "sha256-H1wiXRQHxxPyMMlP39ce3ROKCwI5/tUn36P8x6dFiiQ=",
        "ref": "refs/heads/main",
        "rev": "c5d5786d3dc938af0b279c542d1e43bce381b4b9",
        "revCount": 996,
        "type": "git",
        "url": "https://spectrum-os.org/git/spectrum"
      },
      "original": {
        "type": "git",
        "url": "https://spectrum-os.org/git/spectrum"
      }
    },
    "spectrum_2": {
      "flake": false,
      "locked": {
        "lastModified": 1759482047,
        "narHash": "sha256-H1wiXRQHxxPyMMlP39ce3ROKCwI5/tUn36P8x6dFiiQ=",
        "ref": "refs/heads/main",
        "rev": "c5d5786d3dc938af0b279c542d1e43bce381b4b9",
        "revCount": 996,
        "type": "git",
        "url": "https://spectrum-os.org/git/spectrum"
      },
      "original": {
        "type": "git",
        "url": "https://spectrum-os.org/git/spectrum"
      }
    },
    "systems": {
      "locked": {
        "lastModified": 1681028828,
        "narHash": "sha256-Vy1rq5AaRuLzOxct8nz4T6wlgyUR7zLU309k9mBC768=",
        "owner": "nix-systems",
        "repo": "default",
        "rev": "da67096a3b9bf56a91d16901293e51ba5b49a27e",
        "type": "github"
      },
      "original": {
        "owner": "nix-systems",
        "repo": "default",
        "type": "github"
      }
    },
    "systems_2": {
      "locked": {
        "lastModified": 1681028828,
        "narHash": "sha256-Vy1rq5AaRuLzOxct8nz4T6wlgyUR7zLU309k9mBC768=",
        "owner": "nix-systems",
        "repo": "default",
        "rev": "da67096a3b9bf56a91d16901293e51ba5b49a27e",
        "type": "github"
      },
      "original": {
        "owner": "nix-systems",
        "repo": "default",
        "type": "github"
      }
    },
    "systems_3": {
      "locked": {
        "lastModified": 1681028828,
        "narHash": "sha256-Vy1rq5AaRuLzOxct8nz4T6wlgyUR7zLU309k9mBC768=",
        "owner": "nix-systems",
        "repo": "default",
        "rev": "da67096a3b9bf56a91d16901293e51ba5b49a27e",
        "type": "github"
      },
      "original": {
        "owner": "nix-systems",
        "repo": "default",
        "type": "github"
      }
    },
    "systems_4": {
      "locked": {
        "lastModified": 1681028828,
        "narHash": "sha256-Vy1rq5AaRuLzOxct8nz4T6wlgyUR7zLU309k9mBC768=",
        "owner": "nix-systems",
        "repo": "default",
        "rev": "da67096a3b9bf56a91d16901293e51ba5b49a27e",
        "type": "github"
      },
      "original": {
        "owner": "nix-systems",
        "repo": "default",
        "type": "github"
      }
    },
    "systems_5": {
      "locked": {
        "lastModified": 1681028828,
        "narHash": "sha256-Vy1rq5AaRuLzOxct8nz4T6wlgyUR7zLU309k9mBC768=",
        "owner": "nix-systems",
        "repo": "default",
        "rev": "da67096a3b9bf56a91d16901293e51ba5b49a27e",
        "type": "github"
      },
      "original": {
        "owner": "nix-systems",
        "repo": "default",
        "type": "github"
      }
    },
    "treefmt-nix": {
      "inputs": {
        "nixpkgs": [
          "llm-agents",
          "nixpkgs"
        ]
      },
      "locked": {
        "lastModified": 1770228511,
        "narHash": "sha256-wQ6NJSuFqAEmIg2VMnLdCnUc0b7vslUohqqGGD+Fyxk=",
        "owner": "numtide",
        "repo": "treefmt-nix",
        "rev": "337a4fe074be1042a35086f15481d763b8ddc0e7",
        "type": "github"
      },
      "original": {
        "owner": "numtide",
        "repo": "treefmt-nix",
        "type": "github"
      }
    },
    "xwayland-satellite-stable": {
      "flake": false,
      "locked": {
        "lastModified": 1755491097,
        "narHash": "sha256-m+9tUfsmBeF2Gn4HWa6vSITZ4Gz1eA1F5Kh62B0N4oE=",
        "owner": "Supreeeme",
        "repo": "xwayland-satellite",
        "rev": "388d291e82ffbc73be18169d39470f340707edaa",
        "type": "github"
      },
      "original": {
        "owner": "Supreeeme",
        "ref": "v0.7",
        "repo": "xwayland-satellite",
        "type": "github"
      }
    },
    "xwayland-satellite-unstable": {
      "flake": false,
      "locked": {
        "lastModified": 1771787042,
        "narHash": "sha256-7bM6Y4KldhKnfopSALF8XALxcX7ehkomXH9sPl4MXp0=",
        "owner": "Supreeeme",
        "repo": "xwayland-satellite",
        "rev": "33c344fee50504089a447a8fef5878cf4f6215fc",
        "type": "github"
      },
      "original": {
        "owner": "Supreeeme",
        "repo": "xwayland-satellite",
        "type": "github"
      }
    }
  },
  "root": "root",
  "version": 7
}
